
Microsoft Visual Studio Solution File, Format Version 12.00
# Visual Studio 15
VisualStudioVersion = 15.0.28010.2016
MinimumVisualStudioVersion = 10.0.40219.1
Project("{FAE04EC0-301F-11D3-BF4B-00C04F79EFBC}") = "PizzariaUI", "PizzariaUI\PizzariaUI.csproj", "{AE14A407-2BD0-4139-A004-5D37206365E8}"
EndProject
Global
	GlobalSection(SolutionConfigurationPlatforms) = preSolution
		Debug|Any CPU = Debug|Any CPU
		Release|Any CPU = Release|Any CPU
	EndGlobalSection
	GlobalSection(ProjectConfigurationPlatforms) = postSolution
		{AE14A407-2BD0-4139-A004-5D37206365E8}.Debug|Any CPU.ActiveCfg = Debug|Any CPU
		{AE14A407-2BD0-4139-A004-5D37206365E8}.Debug|Any CPU.Build.0 = Debug|Any CPU
		{AE14A407-2BD0-4139-A004-5D37206365E8}.Release|Any CPU.ActiveCfg = Release|Any CPU
		{AE14A407-2BD0-4139-A004-5D37206365E8}.Release|Any CPU.Build.0 = Release|Any CPU
	EndGlobalSection
	GlobalSection(SolutionProperties) = preSolution
		HideSolutionNode = FALSE
	EndGlobalSection
	GlobalSection(ExtensibilityGlobals) = postSolution
		SolutionGuid = {62467FFD-0C8C-400D-A5E2-7141861CFD22}
	EndGlobalSection
EndGlobal
